
Microsoft Visual Studio Solution File, Format Version 12.00
# Visual Studio Version 17
VisualStudioVersion = 17.0.31903.59
MinimumVisualStudioVersion = 10.0.40219.1
Project("{FAE04EC0-301F-11D3-BF4B-00C04F79EFBC}") = "comet", "comet\comet.csproj", "{87FB5B1C-0C3C-416B-A16B-014061A78751}"
EndProject
Project("{FAE04EC0-301F-11D3-BF4B-00C04F79EFBC}") = "lexer", "lexer\lexer.csproj", "{18D90802-6FDE-4750-BB06-C198B5CBD02F}"
EndProject
Global
	GlobalSection(SolutionConfigurationPlatforms) = preSolution
		Debug|Any CPU = Debug|Any CPU
		Release|Any CPU = Release|Any CPU
	EndGlobalSection
	GlobalSection(SolutionProperties) = preSolution
		HideSolutionNode = FALSE
	EndGlobalSection
	GlobalSection(ProjectConfigurationPlatforms) = postSolution
		{87FB5B1C-0C3C-416B-A16B-014061A78751}.Debug|Any CPU.ActiveCfg = Debug|Any CPU
		{87FB5B1C-0C3C-416B-A16B-014061A78751}.Debug|Any CPU.Build.0 = Debug|Any CPU
		{87FB5B1C-0C3C-416B-A16B-014061A78751}.Release|Any CPU.ActiveCfg = Release|Any CPU
		{87FB5B1C-0C3C-416B-A16B-014061A78751}.Release|Any CPU.Build.0 = Release|Any CPU
		{18D90802-6FDE-4750-BB06-C198B5CBD02F}.Debug|Any CPU.ActiveCfg = Debug|Any CPU
		{18D90802-6FDE-4750-BB06-C198B5CBD02F}.Debug|Any CPU.Build.0 = Debug|Any CPU
		{18D90802-6FDE-4750-BB06-C198B5CBD02F}.Release|Any CPU.ActiveCfg = Release|Any CPU
		{18D90802-6FDE-4750-BB06-C198B5CBD02F}.Release|Any CPU.Build.0 = Release|Any CPU
	EndGlobalSection
EndGlobal
